{
  "name": "NFC4_-Hackoholics-",
  "lockfileVersion": 3,
  "requires": true,
  "packages": {
    "": {
      "dependencies": {
        "html2canvas": "^1.4.1",
        "jspdf": "^3.0.1",
        "next-themes": "^0.4.6",
        "nodemailer": "^7.0.5",
        "tailwindcss-animate": "^1.0.7",
        "tw-animate-css": "^1.3.6"
      }
    },
    "node_modules/@babel/runtime": {
      "version": "7.28.2",
      "resolved": "https://registry.npmjs.org/@babel/runtime/-/runtime-7.28.2.tgz",
      "integrity": "sha512-KHp2IflsnGywDjBWDkR9iEqiWSpc8GIi0lgTT3mOElT0PP1tG26P4tmFI2YvAdzgq9RGyoHZQEIEdZy6Ec5xCA==",
      "license": "MIT",
      "engines": {
        "node": ">=6.9.0"
      }
    },
    "node_modules/@types/raf": {
      "version": "3.4.3",
      "resolved": "https://registry.npmjs.org/@types/raf/-/raf-3.4.3.tgz",
      "integrity": "sha512-c4YAvMedbPZ5tEyxzQdMoOhhJ4RD3rngZIdwC2/qDN3d7JpEhB6fiBRKVY1lg5B7Wk+uPBjn5f39j1/2MY1oOw==",
      "license": "MIT",
      "optional": true
    },
    "node_modules/@types/trusted-types": {
      "version": "2.0.7",
      "resolved": "https://registry.npmjs.org/@types/trusted-types/-/trusted-types-2.0.7.tgz",
      "integrity": "sha512-ScaPdn1dQczgbl0QFTeTOmVHFULt394XJgOQNoyVhZ6r2vLnMLJfBPd53SB52T/3G36VI1/g2MZaX0cwDuXsfw==",
      "license": "MIT",
      "optional": true
    },
    "node_modules/atob": {
      "version": "2.1.2",
      "resolved": "https://registry.npmjs.org/atob/-/atob-2.1.2.tgz",
      "integrity": "sha512-Wm6ukoaOGJi/73p/cl2GvLjTI5JM1k/O14isD73YML8StrH/7/lRFgmg8nICZgD3bZZvjwCGxtMOD3wWNAu8cg==",
      "license": "(MIT OR Apache-2.0)",
      "bin": {
        "atob": "bin/atob.js"
      },
      "engines": {
        "node": ">= 4.5.0"
      }
    },
    "node_modules/base64-arraybuffer": {
      "version": "1.0.2",
      "resolved": "https://registry.npmjs.org/base64-arraybuffer/-/base64-arraybuffer-1.0.2.tgz",
      "integrity": "sha512-I3yl4r9QB5ZRY3XuJVEPfc2XhZO6YweFPI+UovAzn+8/hb3oJ6lnysaFcjVpkCPfVWFUDvoZ8kmVDP7WyRtYtQ==",
      "license": "MIT",
      "engines": {
        "node": ">= 0.6.0"
      }
    },
    "node_modules/btoa": {
      "version": "1.2.1",
      "resolved": "https://registry.npmjs.org/btoa/-/btoa-1.2.1.tgz",
      "integrity": "sha512-SB4/MIGlsiVkMcHmT+pSmIPoNDoHg+7cMzmt3Uxt628MTz2487DKSqK/fuhFBrkuqrYv5UCEnACpF4dTFNKc/g==",
      "license": "(MIT OR Apache-2.0)",
      "bin": {
        "btoa": "bin/btoa.js"
      },
      "engines": {
        "node": ">= 0.4.0"
      }
    },
    "node_modules/canvg": {
      "version": "3.0.11",
      "resolved": "https://registry.npmjs.org/canvg/-/canvg-3.0.11.tgz",
      "integrity": "sha512-5ON+q7jCTgMp9cjpu4Jo6XbvfYwSB2Ow3kzHKfIyJfaCAOHLbdKPQqGKgfED/R5B+3TFFfe8pegYA+b423SRyA==",
      "license": "MIT",
      "optional": true,
      "dependencies": {
        "@babel/runtime": "^7.12.5",
        "@types/raf": "^3.4.0",
        "core-js": "^3.8.3",
        "raf": "^3.4.1",
        "regenerator-runtime": "^0.13.7",
        "rgbcolor": "^1.0.1",
        "stackblur-canvas": "^2.0.0",
        "svg-pathdata": "^6.0.3"
      },
      "engines": {
        "node": ">=10.0.0"
      }
    },
    "node_modules/core-js": {
      "version": "3.45.0",
      "resolved": "https://registry.npmjs.org/core-js/-/core-js-3.45.0.tgz",
      "integrity": "sha512-c2KZL9lP4DjkN3hk/an4pWn5b5ZefhRJnAc42n6LJ19kSnbeRbdQZE5dSeE2LBol1OwJD3X1BQvFTAsa8ReeDA==",
      "hasInstallScript": true,
      "license": "MIT",
      "optional": true,
      "funding": {
        "type": "opencollective",
        "url": "https://opencollective.com/core-js"
      }
    },
    "node_modules/css-line-break": {
      "version": "2.1.0",
      "resolved": "https://registry.npmjs.org/css-line-break/-/css-line-break-2.1.0.tgz",
      "integrity": "sha512-FHcKFCZcAha3LwfVBhCQbW2nCNbkZXn7KVUJcsT5/P8YmfsVja0FMPJr0B903j/E69HUphKiV9iQArX8SDYA4w==",
      "license": "MIT",
      "dependencies": {
        "utrie": "^1.0.2"
      }
    },
    "node_modules/dompurify": {
      "version": "3.2.6",
      "resolved": "https://registry.npmjs.org/dompurify/-/dompurify-3.2.6.tgz",
      "integrity": "sha512-/2GogDQlohXPZe6D6NOgQvXLPSYBqIWMnZ8zzOhn09REE4eyAzb+Hed3jhoM9OkuaJ8P6ZGTTVWQKAi8ieIzfQ==",
      "license": "(MPL-2.0 OR Apache-2.0)",
      "optional": true,
      "optionalDependencies": {
        "@types/trusted-types": "^2.0.7"
      }
    },
    "node_modules/fflate": {
      "version": "0.8.2",
      "resolved": "https://registry.npmjs.org/fflate/-/fflate-0.8.2.tgz",
      "integrity": "sha512-cPJU47OaAoCbg0pBvzsgpTPhmhqI5eJjh/JIu8tPj5q+T7iLvW/JAYUqmE7KOB4R1ZyEhzBaIQpQpardBF5z8A==",
      "license": "MIT"
    },
    "node_modules/html2canvas": {
      "version": "1.4.1",
      "resolved": "https://registry.npmjs.org/html2canvas/-/html2canvas-1.4.1.tgz",
      "integrity": "sha512-fPU6BHNpsyIhr8yyMpTLLxAbkaK8ArIBcmZIRiBLiDhjeqvXolaEmDGmELFuX9I4xDcaKKcJl+TKZLqruBbmWA==",
      "license": "MIT",
      "dependencies": {
        "css-line-break": "^2.1.0",
        "text-segmentation": "^1.0.3"
      },
      "engines": {
        "node": ">=8.0.0"
      }
    },
    "node_modules/jspdf": {
      "version": "3.0.1",
      "resolved": "https://registry.npmjs.org/jspdf/-/jspdf-3.0.1.tgz",
      "integrity": "sha512-qaGIxqxetdoNnFQQXxTKUD9/Z7AloLaw94fFsOiJMxbfYdBbrBuhWmbzI8TVjrw7s3jBY1PFHofBKMV/wZPapg==",
      "license": "MIT",
      "dependencies": {
        "@babel/runtime": "^7.26.7",
        "atob": "^2.1.2",
        "btoa": "^1.2.1",
        "fflate": "^0.8.1"
      },
      "optionalDependencies": {
        "canvg": "^3.0.11",
        "core-js": "^3.6.0",
        "dompurify": "^3.2.4",
        "html2canvas": "^1.0.0-rc.5"
      }
    },
    "node_modules/next-themes": {
      "version": "0.4.6",
      "resolved": "https://registry.npmjs.org/next-themes/-/next-themes-0.4.6.tgz",
      "integrity": "sha512-pZvgD5L0IEvX5/9GWyHMf3m8BKiVQwsCMHfoFosXtXBMnaS0ZnIJ9ST4b4NqLVKDEm8QBxoNNGNaBv2JNF6XNA==",
      "license": "MIT",
      "peerDependencies": {
        "react": "^16.8 || ^17 || ^18 || ^19 || ^19.0.0-rc",
        "react-dom": "^16.8 || ^17 || ^18 || ^19 || ^19.0.0-rc"
      }
    },
    "node_modules/nodemailer": {
      "version": "7.0.5",
      "resolved": "https://registry.npmjs.org/nodemailer/-/nodemailer-7.0.5.tgz",
      "integrity": "sha512-nsrh2lO3j4GkLLXoeEksAMgAOqxOv6QumNRVQTJwKH4nuiww6iC2y7GyANs9kRAxCexg3+lTWM3PZ91iLlVjfg==",
      "license": "MIT-0",
      "engines": {
        "node": ">=6.0.0"
      }
    },
    "node_modules/performance-now": {
      "version": "2.1.0",
      "resolved": "https://registry.npmjs.org/performance-now/-/performance-now-2.1.0.tgz",
      "integrity": "sha512-7EAHlyLHI56VEIdK57uwHdHKIaAGbnXPiw0yWbarQZOKaKpvUIgW0jWRVLiatnM+XXlSwsanIBH/hzGMJulMow==",
      "license": "MIT",
      "optional": true
    },
    "node_modules/raf": {
      "version": "3.4.1",
      "resolved": "https://registry.npmjs.org/raf/-/raf-3.4.1.tgz",
      "integrity": "sha512-Sq4CW4QhwOHE8ucn6J34MqtZCeWFP2aQSmrlroYgqAV1PjStIhJXxYuTgUIfkEk7zTLjmIjLmU5q+fbD1NnOJA==",
      "license": "MIT",
      "optional": true,
      "dependencies": {
        "performance-now": "^2.1.0"
      }
    },
    "node_modules/react": {
      "version": "19.1.1",
      "resolved": "https://registry.npmjs.org/react/-/react-19.1.1.tgz",
      "integrity": "sha512-w8nqGImo45dmMIfljjMwOGtbmC/mk4CMYhWIicdSflH91J9TyCyczcPFXJzrZ/ZXcgGRFeP6BU0BEJTw6tZdfQ==",
      "license": "MIT",
      "peer": true,
      "engines": {
        "node": ">=0.10.0"
      }
    },
    "node_modules/react-dom": {
      "version": "19.1.1",
      "resolved": "https://registry.npmjs.org/react-dom/-/react-dom-19.1.1.tgz",
      "integrity": "sha512-Dlq/5LAZgF0Gaz6yiqZCf6VCcZs1ghAJyrsu84Q/GT0gV+mCxbfmKNoGRKBYMJ8IEdGPqu49YWXD02GCknEDkw==",
      "license": "MIT",
      "peer": true,
      "dependencies": {
        "scheduler": "^0.26.0"
      },
      "peerDependencies": {
        "react": "^19.1.1"
      }
    },
    "node_modules/regenerator-runtime": {
      "version": "0.13.11",
      "resolved": "https://registry.npmjs.org/regenerator-runtime/-/regenerator-runtime-0.13.11.tgz",
      "integrity": "sha512-kY1AZVr2Ra+t+piVaJ4gxaFaReZVH40AKNo7UCX6W+dEwBo/2oZJzqfuN1qLq1oL45o56cPaTXELwrTh8Fpggg==",
      "license": "MIT",
      "optional": true
    },
    "node_modules/rgbcolor": {
      "version": "1.0.1",
      "resolved": "https://registry.npmjs.org/rgbcolor/-/rgbcolor-1.0.1.tgz",
      "integrity": "sha512-9aZLIrhRaD97sgVhtJOW6ckOEh6/GnvQtdVNfdZ6s67+3/XwLS9lBcQYzEEhYVeUowN7pRzMLsyGhK2i/xvWbw==",
      "license": "MIT OR SEE LICENSE IN FEEL-FREE.md",
      "optional": true,
      "engines": {
        "node": ">= 0.8.15"
      }
    },
    "node_modules/scheduler": {
      "version": "0.26.0",
      "resolved": "https://registry.npmjs.org/scheduler/-/scheduler-0.26.0.tgz",
      "integrity": "sha512-NlHwttCI/l5gCPR3D1nNXtWABUmBwvZpEQiD4IXSbIDq8BzLIK/7Ir5gTFSGZDUu37K5cMNp0hFtzO38sC7gWA==",
      "license": "MIT",
      "peer": true
    },
    "node_modules/stackblur-canvas": {
      "version": "2.7.0",
      "resolved": "https://registry.npmjs.org/stackblur-canvas/-/stackblur-canvas-2.7.0.tgz",
      "integrity": "sha512-yf7OENo23AGJhBriGx0QivY5JP6Y1HbrrDI6WLt6C5auYZXlQrheoY8hD4ibekFKz1HOfE48Ww8kMWMnJD/zcQ==",
      "license": "MIT",
      "optional": true,
      "engines": {
        "node": ">=0.1.14"
      }
    },
    "node_modules/svg-pathdata": {
      "version": "6.0.3",
      "resolved": "https://registry.npmjs.org/svg-pathdata/-/svg-pathdata-6.0.3.tgz",
      "integrity": "sha512-qsjeeq5YjBZ5eMdFuUa4ZosMLxgr5RZ+F+Y1OrDhuOCEInRMA3x74XdBtggJcj9kOeInz0WE+LgCPDkZFlBYJw==",
      "license": "MIT",
      "optional": true,
      "engines": {
        "node": ">=12.0.0"
      }
    },
    "node_modules/tailwindcss": {
      "version": "4.1.11",
      "resolved": "https://registry.npmjs.org/tailwindcss/-/tailwindcss-4.1.11.tgz",
      "integrity": "sha512-2E9TBm6MDD/xKYe+dvJZAmg3yxIEDNRc0jwlNyDg/4Fil2QcSLjFKGVff0lAf1jjeaArlG/M75Ey/EYr/OJtBA==",
      "license": "MIT",
      "peer": true
    },
    "node_modules/tailwindcss-animate": {
      "version": "1.0.7",
      "resolved": "https://registry.npmjs.org/tailwindcss-animate/-/tailwindcss-animate-1.0.7.tgz",
      "integrity": "sha512-bl6mpH3T7I3UFxuvDEXLxy/VuFxBk5bbzplh7tXI68mwMokNYd1t9qPBHlnyTwfa4JGC4zP516I1hYYtQ/vspA==",
      "license": "MIT",
      "peerDependencies": {
        "tailwindcss": ">=3.0.0 || insiders"
      }
    },
    "node_modules/text-segmentation": {
      "version": "1.0.3",
      "resolved": "https://registry.npmjs.org/text-segmentation/-/text-segmentation-1.0.3.tgz",
      "integrity": "sha512-iOiPUo/BGnZ6+54OsWxZidGCsdU8YbE4PSpdPinp7DeMtUJNJBoJ/ouUSTJjHkh1KntHaltHl/gDs2FC4i5+Nw==",
      "license": "MIT",
      "dependencies": {
        "utrie": "^1.0.2"
      }
    },
    "node_modules/tw-animate-css": {
      "version": "1.3.6",
      "resolved": "https://registry.npmjs.org/tw-animate-css/-/tw-animate-css-1.3.6.tgz",
      "integrity": "sha512-9dy0R9UsYEGmgf26L8UcHiLmSFTHa9+D7+dAt/G/sF5dCnPePZbfgDYinc7/UzAM7g/baVrmS6m9yEpU46d+LA==",
      "license": "MIT",
      "funding": {
        "url": "https://github.com/sponsors/Wombosvideo"
      }
    },
    "node_modules/utrie": {
      "version": "1.0.2",
      "resolved": "https://registry.npmjs.org/utrie/-/utrie-1.0.2.tgz",
      "integrity": "sha512-1MLa5ouZiOmQzUbjbu9VmjLzn1QLXBhwpUa7kdLUQK+KQ5KA9I1vk5U4YHe/X2Ch7PYnJfWuWT+VbuxbGwljhw==",
      "license": "MIT",
      "dependencies": {
        "base64-arraybuffer": "^1.0.2"
      }
    }
  }
}
